{
  "originHash" : "d89806223bbaf4155c765bd4656137c0569da78453b10b1ef7b8b62d07b13c81",
  "pins" : [
    {
      "identity" : "ucnetworkkit",
      "kind" : "remoteSourceControl",
      "location" : "https://github.com/unioncoophypermarket/UCNetworkKit.git",
      "state" : {
        "branch" : "Optimization/Swift6",
        "revision" : "07f6a68cde16a2ccef2e1a2a10525ca82cd03604"
      }
    }
  ],
  "version" : 3
}
